
Microsoft Visual Studio Solution File, Format Version 12.00
# Visual Studio Version 17
VisualStudioVersion = 17.0.31903.59
MinimumVisualStudioVersion = 10.0.40219.1
Project("{2150E333-8FDC-42A3-9474-1A3956D46DE8}") = "src", "src", "{827E0CD3-B72D-47B6-A68D-7590B98EB39B}"
EndProject
Project("{FAE04EC0-301F-11D3-BF4B-00C04F79EFBC}") = "App", "src\App\App.csproj", "{35733033-702D-41E0-A904-1F1B16422A42}"
EndProject
Project("{FAE04EC0-301F-11D3-BF4B-00C04F79EFBC}") = "Core", "src\Core\Core.csproj", "{FA6CB5DF-C434-4A6E-81E0-55C76724F602}"
EndProject
Project("{2150E333-8FDC-42A3-9474-1A3956D46DE8}") = "test", "test", "{0C88DD14-F956-CE84-757C-A364CCF449FC}"
EndProject
Project("{FAE04EC0-301F-11D3-BF4B-00C04F79EFBC}") = "CoreTests", "test\CoreTests\CoreTests.csproj", "{8FCA1EF8-5E4B-49A3-86F9-E8F20F11A1DB}"
EndProject
Global
	GlobalSection(SolutionConfigurationPlatforms) = preSolution
		Debug|Any CPU = Debug|Any CPU
		Debug|x64 = Debug|x64
		Debug|x86 = Debug|x86
		Release|Any CPU = Release|Any CPU
		Release|x64 = Release|x64
		Release|x86 = Release|x86
	EndGlobalSection
	GlobalSection(ProjectConfigurationPlatforms) = postSolution
		{35733033-702D-41E0-A904-1F1B16422A42}.Debug|Any CPU.ActiveCfg = Debug|Any CPU
		{35733033-702D-41E0-A904-1F1B16422A42}.Debug|Any CPU.Build.0 = Debug|Any CPU
		{35733033-702D-41E0-A904-1F1B16422A42}.Debug|x64.ActiveCfg = Debug|Any CPU
		{35733033-702D-41E0-A904-1F1B16422A42}.Debug|x64.Build.0 = Debug|Any CPU
		{35733033-702D-41E0-A904-1F1B16422A42}.Debug|x86.ActiveCfg = Debug|Any CPU
		{35733033-702D-41E0-A904-1F1B16422A42}.Debug|x86.Build.0 = Debug|Any CPU
		{35733033-702D-41E0-A904-1F1B16422A42}.Release|Any CPU.ActiveCfg = Release|Any CPU
		{35733033-702D-41E0-A904-1F1B16422A42}.Release|Any CPU.Build.0 = Release|Any CPU
		{35733033-702D-41E0-A904-1F1B16422A42}.Release|x64.ActiveCfg = Release|Any CPU
		{35733033-702D-41E0-A904-1F1B16422A42}.Release|x64.Build.0 = Release|Any CPU
		{35733033-702D-41E0-A904-1F1B16422A42}.Release|x86.ActiveCfg = Release|Any CPU
		{35733033-702D-41E0-A904-1F1B16422A42}.Release|x86.Build.0 = Release|Any CPU
		{FA6CB5DF-C434-4A6E-81E0-55C76724F602}.Debug|Any CPU.ActiveCfg = Debug|Any CPU
		{FA6CB5DF-C434-4A6E-81E0-55C76724F602}.Debug|Any CPU.Build.0 = Debug|Any CPU
		{FA6CB5DF-C434-4A6E-81E0-55C76724F602}.Debug|x64.ActiveCfg = Debug|Any CPU
		{FA6CB5DF-C434-4A6E-81E0-55C76724F602}.Debug|x64.Build.0 = Debug|Any CPU
		{FA6CB5DF-C434-4A6E-81E0-55C76724F602}.Debug|x86.ActiveCfg = Debug|Any CPU
		{FA6CB5DF-C434-4A6E-81E0-55C76724F602}.Debug|x86.Build.0 = Debug|Any CPU
		{FA6CB5DF-C434-4A6E-81E0-55C76724F602}.Release|Any CPU.ActiveCfg = Release|Any CPU
		{FA6CB5DF-C434-4A6E-81E0-55C76724F602}.Release|Any CPU.Build.0 = Release|Any CPU
		{FA6CB5DF-C434-4A6E-81E0-55C76724F602}.Release|x64.ActiveCfg = Release|Any CPU
		{FA6CB5DF-C434-4A6E-81E0-55C76724F602}.Release|x64.Build.0 = Release|Any CPU
		{FA6CB5DF-C434-4A6E-81E0-55C76724F602}.Release|x86.ActiveCfg = Release|Any CPU
		{FA6CB5DF-C434-4A6E-81E0-55C76724F602}.Release|x86.Build.0 = Release|Any CPU
		{8FCA1EF8-5E4B-49A3-86F9-E8F20F11A1DB}.Debug|Any CPU.ActiveCfg = Debug|Any CPU
		{8FCA1EF8-5E4B-49A3-86F9-E8F20F11A1DB}.Debug|Any CPU.Build.0 = Debug|Any CPU
		{8FCA1EF8-5E4B-49A3-86F9-E8F20F11A1DB}.Debug|x64.ActiveCfg = Debug|Any CPU
		{8FCA1EF8-5E4B-49A3-86F9-E8F20F11A1DB}.Debug|x64.Build.0 = Debug|Any CPU
		{8FCA1EF8-5E4B-49A3-86F9-E8F20F11A1DB}.Debug|x86.ActiveCfg = Debug|Any CPU
		{8FCA1EF8-5E4B-49A3-86F9-E8F20F11A1DB}.Debug|x86.Build.0 = Debug|Any CPU
		{8FCA1EF8-5E4B-49A3-86F9-E8F20F11A1DB}.Release|Any CPU.ActiveCfg = Release|Any CPU
		{8FCA1EF8-5E4B-49A3-86F9-E8F20F11A1DB}.Release|Any CPU.Build.0 = Release|Any CPU
		{8FCA1EF8-5E4B-49A3-86F9-E8F20F11A1DB}.Release|x64.ActiveCfg = Release|Any CPU
		{8FCA1EF8-5E4B-49A3-86F9-E8F20F11A1DB}.Release|x64.Build.0 = Release|Any CPU
		{8FCA1EF8-5E4B-49A3-86F9-E8F20F11A1DB}.Release|x86.ActiveCfg = Release|Any CPU
		{8FCA1EF8-5E4B-49A3-86F9-E8F20F11A1DB}.Release|x86.Build.0 = Release|Any CPU
	EndGlobalSection
	GlobalSection(SolutionProperties) = preSolution
		HideSolutionNode = FALSE
	EndGlobalSection
	GlobalSection(NestedProjects) = preSolution
		{35733033-702D-41E0-A904-1F1B16422A42} = {827E0CD3-B72D-47B6-A68D-7590B98EB39B}
		{FA6CB5DF-C434-4A6E-81E0-55C76724F602} = {827E0CD3-B72D-47B6-A68D-7590B98EB39B}
		{8FCA1EF8-5E4B-49A3-86F9-E8F20F11A1DB} = {0C88DD14-F956-CE84-757C-A364CCF449FC}
	EndGlobalSection
EndGlobal
